
Microsoft Visual Studio Solution File, Format Version 12.00
# Visual Studio 15
VisualStudioVersion = 15.0.26424.2
MinimumVisualStudioVersion = 10.0.40219.1
Project("{FAE04EC0-301F-11D3-BF4B-00C04F79EFBC}") = "CoreGCBench.Analysis", "src\CoreGCBench.Analysis\CoreGCBench.Analysis.csproj", "{1803E37B-5A71-4965-A97B-DCD84953CFDA}"
EndProject
Project("{FAE04EC0-301F-11D3-BF4B-00C04F79EFBC}") = "CoreGCBench.Analysis.Runner", "src\CoreGCBench.Analysis.Runner\CoreGCBench.Analysis.Runner.csproj", "{14C4B978-A9BE-4BE9-82DB-B0217A7B7A44}"
EndProject
Global
	GlobalSection(SolutionConfigurationPlatforms) = preSolution
		Debug|Any CPU = Debug|Any CPU
		Release|Any CPU = Release|Any CPU
	EndGlobalSection
	GlobalSection(ProjectConfigurationPlatforms) = postSolution
		{1803E37B-5A71-4965-A97B-DCD84953CFDA}.Debug|Any CPU.ActiveCfg = Debug|Any CPU
		{1803E37B-5A71-4965-A97B-DCD84953CFDA}.Debug|Any CPU.Build.0 = Debug|Any CPU
		{1803E37B-5A71-4965-A97B-DCD84953CFDA}.Release|Any CPU.ActiveCfg = Release|Any CPU
		{1803E37B-5A71-4965-A97B-DCD84953CFDA}.Release|Any CPU.Build.0 = Release|Any CPU
		{14C4B978-A9BE-4BE9-82DB-B0217A7B7A44}.Debug|Any CPU.ActiveCfg = Debug|Any CPU
		{14C4B978-A9BE-4BE9-82DB-B0217A7B7A44}.Debug|Any CPU.Build.0 = Debug|Any CPU
		{14C4B978-A9BE-4BE9-82DB-B0217A7B7A44}.Release|Any CPU.ActiveCfg = Release|Any CPU
		{14C4B978-A9BE-4BE9-82DB-B0217A7B7A44}.Release|Any CPU.Build.0 = Release|Any CPU
	EndGlobalSection
	GlobalSection(SolutionProperties) = preSolution
		HideSolutionNode = FALSE
	EndGlobalSection
EndGlobal
